
Microsoft Visual Studio Solution File, Format Version 12.00
# Visual Studio Version 16
VisualStudioVersion = 16.0.29613.14
MinimumVisualStudioVersion = 10.0.40219.1
Project("{9A19103F-16F7-4668-BE54-9A1E7A4F7556}") = "ApiLayer", "ApiLayer\ApiLayer.csproj", "{FD428D10-4355-4218-99E0-7CDA7D544EE7}"
EndProject
Project("{FAE04EC0-301F-11D3-BF4B-00C04F79EFBC}") = "DAL", "DAL\DAL.csproj", "{DA433D6C-C02B-4F9D-8718-3AF16732866D}"
EndProject
Global
	GlobalSection(SolutionConfigurationPlatforms) = preSolution
		Debug|Any CPU = Debug|Any CPU
		Release|Any CPU = Release|Any CPU
	EndGlobalSection
	GlobalSection(ProjectConfigurationPlatforms) = postSolution
		{FD428D10-4355-4218-99E0-7CDA7D544EE7}.Debug|Any CPU.ActiveCfg = Debug|Any CPU
		{FD428D10-4355-4218-99E0-7CDA7D544EE7}.Debug|Any CPU.Build.0 = Debug|Any CPU
		{FD428D10-4355-4218-99E0-7CDA7D544EE7}.Release|Any CPU.ActiveCfg = Release|Any CPU
		{FD428D10-4355-4218-99E0-7CDA7D544EE7}.Release|Any CPU.Build.0 = Release|Any CPU
		{DA433D6C-C02B-4F9D-8718-3AF16732866D}.Debug|Any CPU.ActiveCfg = Debug|Any CPU
		{DA433D6C-C02B-4F9D-8718-3AF16732866D}.Debug|Any CPU.Build.0 = Debug|Any CPU
		{DA433D6C-C02B-4F9D-8718-3AF16732866D}.Release|Any CPU.ActiveCfg = Release|Any CPU
		{DA433D6C-C02B-4F9D-8718-3AF16732866D}.Release|Any CPU.Build.0 = Release|Any CPU
	EndGlobalSection
	GlobalSection(SolutionProperties) = preSolution
		HideSolutionNode = FALSE
	EndGlobalSection
	GlobalSection(ExtensibilityGlobals) = postSolution
		SolutionGuid = {CD96C920-53F8-4D88-99A5-9267AAE964C1}
	EndGlobalSection
EndGlobal
